
Microsoft Visual Studio Solution File, Format Version 12.00
# Visual Studio 15
Project("{FAE04EC0-301F-11D3-BF4B-00C04F79EFBC}") = "Assembly-CSharp", "Assembly-CSharp.csproj", "{7935D220-E013-56CA-6E67-E6C7EFB9397C}"
EndProject
Global
	GlobalSection(SolutionConfigurationPlatforms) = preSolution
		Debug|Any CPU = Debug|Any CPU
		Release|Any CPU = Release|Any CPU
	EndGlobalSection
	GlobalSection(ProjectConfigurationPlatforms) = postSolution
		{7935D220-E013-56CA-6E67-E6C7EFB9397C}.Debug|Any CPU.ActiveCfg = Debug|Any CPU
		{7935D220-E013-56CA-6E67-E6C7EFB9397C}.Debug|Any CPU.Build.0 = Debug|Any CPU
		{7935D220-E013-56CA-6E67-E6C7EFB9397C}.Release|Any CPU.ActiveCfg = Release|Any CPU
		{7935D220-E013-56CA-6E67-E6C7EFB9397C}.Release|Any CPU.Build.0 = Release|Any CPU
	EndGlobalSection
	GlobalSection(SolutionProperties) = preSolution
		HideSolutionNode = FALSE
	EndGlobalSection
EndGlobal
