
Microsoft Visual Studio Solution File, Format Version 12.00
# Visual Studio 15
Project("{FAE04EC0-301F-11D3-BF4B-00C04F79EFBC}") = "Assembly-CSharp", "Assembly-CSharp.csproj", "{C7584C4C-6DC7-981D-4030-6FEAC42F1024}"
EndProject
Project("{FAE04EC0-301F-11D3-BF4B-00C04F79EFBC}") = "Assembly-CSharp-Editor", "Assembly-CSharp-Editor.csproj", "{6E9B52EF-8DA8-E9C9-3E39-F22494083841}"
EndProject
Global
	GlobalSection(SolutionConfigurationPlatforms) = preSolution
		Debug|Any CPU = Debug|Any CPU
		Release|Any CPU = Release|Any CPU
	EndGlobalSection
	GlobalSection(ProjectConfigurationPlatforms) = postSolution
		{C7584C4C-6DC7-981D-4030-6FEAC42F1024}.Debug|Any CPU.ActiveCfg = Debug|Any CPU
		{C7584C4C-6DC7-981D-4030-6FEAC42F1024}.Debug|Any CPU.Build.0 = Debug|Any CPU
		{C7584C4C-6DC7-981D-4030-6FEAC42F1024}.Release|Any CPU.ActiveCfg = Release|Any CPU
		{C7584C4C-6DC7-981D-4030-6FEAC42F1024}.Release|Any CPU.Build.0 = Release|Any CPU
		{6E9B52EF-8DA8-E9C9-3E39-F22494083841}.Debug|Any CPU.ActiveCfg = Debug|Any CPU
		{6E9B52EF-8DA8-E9C9-3E39-F22494083841}.Debug|Any CPU.Build.0 = Debug|Any CPU
		{6E9B52EF-8DA8-E9C9-3E39-F22494083841}.Release|Any CPU.ActiveCfg = Release|Any CPU
		{6E9B52EF-8DA8-E9C9-3E39-F22494083841}.Release|Any CPU.Build.0 = Release|Any CPU
	EndGlobalSection
	GlobalSection(SolutionProperties) = preSolution
		HideSolutionNode = FALSE
	EndGlobalSection
EndGlobal
